# Generated by pub
# See https://dart.dev/tools/pub/glossary#lockfile
packages:
  fast_gbk:
    dependency: "direct main"
    description:
      name: fast_gbk
      sha256: "3f0dc0309986f615404ea8d1fccf00a535dc00ee90b88d71492866bd95586489"
      url: "https://pub.dev"
    source: hosted
    version: "1.0.0"
sdks:
  dart: ">=2.19.0 <3.0.0"
